
Microsoft Visual Studio Solution File, Format Version 12.00
# Visual Studio Version 16
VisualStudioVersion = 16.0.31129.286
MinimumVisualStudioVersion = 10.0.40219.1
Project("{FAE04EC0-301F-11D3-BF4B-00C04F79EFBC}") = "Spotify 2.0", "Spotify 2.0.csproj", "{B702F276-F3BC-4C6F-A9D1-99344B3FCD4B}"
EndProject
Global
	GlobalSection(SolutionConfigurationPlatforms) = preSolution
		Debug|Any CPU = Debug|Any CPU
		Release|Any CPU = Release|Any CPU
	EndGlobalSection
	GlobalSection(ProjectConfigurationPlatforms) = postSolution
		{B702F276-F3BC-4C6F-A9D1-99344B3FCD4B}.Debug|Any CPU.ActiveCfg = Debug|Any CPU
		{B702F276-F3BC-4C6F-A9D1-99344B3FCD4B}.Debug|Any CPU.Build.0 = Debug|Any CPU
		{B702F276-F3BC-4C6F-A9D1-99344B3FCD4B}.Release|Any CPU.ActiveCfg = Release|Any CPU
		{B702F276-F3BC-4C6F-A9D1-99344B3FCD4B}.Release|Any CPU.Build.0 = Release|Any CPU
	EndGlobalSection
	GlobalSection(SolutionProperties) = preSolution
		HideSolutionNode = FALSE
	EndGlobalSection
	GlobalSection(ExtensibilityGlobals) = postSolution
		SolutionGuid = {DF341875-8C1C-4293-9EF4-B5FD480A2A68}
	EndGlobalSection
EndGlobal
